// !$*UTF8*$!
{
	archiveVersion = 1;
	classes = {
	};
	objectVersion = 56;
	objects = {

/* Begin PBXBuildFile section */
		A90000092A9D15AC0071F48C /* Extensions+Helpers.swift in Sources */ = {isa = PBXBuildFile; fileRef = A90000082A9D15AC0071F48C /* Extensions+Helpers.swift */; };
		A902CC082A9BB25D00C3858F /* Domain.docc in Sources */ = {isa = PBXBuildFile; fileRef = A902CC072A9BB25D00C3858F /* Domain.docc */; };
		A902CC0E2A9BB32F00C3858F /* AddAccount.swift in Sources */ = {isa = PBXBuildFile; fileRef = A902CC0D2A9BB32F00C3858F /* AddAccount.swift */; };
		A902CC102A9BB50A00C3858F /* AccountModel.swift in Sources */ = {isa = PBXBuildFile; fileRef = A902CC0F2A9BB50A00C3858F /* AccountModel.swift */; };
		A902CC1A2A9BB56D00C3858F /* Data.docc in Sources */ = {isa = PBXBuildFile; fileRef = A902CC192A9BB56D00C3858F /* Data.docc */; };
		A902CC202A9BB56E00C3858F /* Data.framework in Frameworks */ = {isa = PBXBuildFile; fileRef = A902CC162A9BB56D00C3858F /* Data.framework */; };
		A902CC252A9BB56E00C3858F /* RemoteAddAccountTests.swift in Sources */ = {isa = PBXBuildFile; fileRef = A902CC242A9BB56E00C3858F /* RemoteAddAccountTests.swift */; };
		A902CC2E2A9BB5FD00C3858F /* Domain.framework in Frameworks */ = {isa = PBXBuildFile; fileRef = A902CC042A9BB25D00C3858F /* Domain.framework */; };
		A902CC2F2A9BB5FD00C3858F /* Domain.framework in Embed Frameworks */ = {isa = PBXBuildFile; fileRef = A902CC042A9BB25D00C3858F /* Domain.framework */; settings = {ATTRIBUTES = (CodeSignOnCopy, RemoveHeadersOnCopy, ); }; };
		A902CC342A9BDBE600C3858F /* Model.swift in Sources */ = {isa = PBXBuildFile; fileRef = A902CC332A9BDBE600C3858F /* Model.swift */; };
		A902CC362A9BDC8100C3858F /* RemoteAddAccount.swift in Sources */ = {isa = PBXBuildFile; fileRef = A902CC352A9BDC8100C3858F /* RemoteAddAccount.swift */; };
		A902CC382A9BDE2D00C3858F /* HttpPostClient.swift in Sources */ = {isa = PBXBuildFile; fileRef = A902CC372A9BDE2D00C3858F /* HttpPostClient.swift */; };
		A95B2CEF2AA0680800F9DAFE /* TestExtensions.swift in Sources */ = {isa = PBXBuildFile; fileRef = A95B2CEE2AA0680800F9DAFE /* TestExtensions.swift */; };
		A95B2CF12AA0689300F9DAFE /* TestFactories.swift in Sources */ = {isa = PBXBuildFile; fileRef = A95B2CF02AA0689300F9DAFE /* TestFactories.swift */; };
		A95B2CF42AA0692300F9DAFE /* HttpClientSpy.swift in Sources */ = {isa = PBXBuildFile; fileRef = A95B2CF32AA0692300F9DAFE /* HttpClientSpy.swift */; };
		A95B2CF62AA0697300F9DAFE /* AccountModelFactory.swift in Sources */ = {isa = PBXBuildFile; fileRef = A95B2CF52AA0697300F9DAFE /* AccountModelFactory.swift */; };
		A95B2D002AA071B600F9DAFE /* Infra.docc in Sources */ = {isa = PBXBuildFile; fileRef = A95B2CFF2AA071B600F9DAFE /* Infra.docc */; };
		A95B2D062AA071B600F9DAFE /* Infra.framework in Frameworks */ = {isa = PBXBuildFile; fileRef = A95B2CFC2AA071B600F9DAFE /* Infra.framework */; };
		A95B2D0B2AA071B600F9DAFE /* AlamofireAdapterTests.swift in Sources */ = {isa = PBXBuildFile; fileRef = A95B2D0A2AA071B600F9DAFE /* AlamofireAdapterTests.swift */; };
		A95B2D132AA0781300F9DAFE /* Data.framework in Frameworks */ = {isa = PBXBuildFile; fileRef = A902CC162A9BB56D00C3858F /* Data.framework */; };
		A95B2D142AA0781300F9DAFE /* Data.framework in Embed Frameworks */ = {isa = PBXBuildFile; fileRef = A902CC162A9BB56D00C3858F /* Data.framework */; settings = {ATTRIBUTES = (CodeSignOnCopy, RemoveHeadersOnCopy, ); }; };
		A95B2D182AA0784700F9DAFE /* TestExtensions.swift in Sources */ = {isa = PBXBuildFile; fileRef = A95B2CEE2AA0680800F9DAFE /* TestExtensions.swift */; };
		A95B2D192AA0785300F9DAFE /* TestFactories.swift in Sources */ = {isa = PBXBuildFile; fileRef = A95B2CF02AA0689300F9DAFE /* TestFactories.swift */; };
		A95B2D1C2AA07A1B00F9DAFE /* Alamofire in Frameworks */ = {isa = PBXBuildFile; productRef = A95B2D1B2AA07A1B00F9DAFE /* Alamofire */; };
		A9A0FF8F2AE7967D00FF93A0 /* AlamofireAdapter.swift in Sources */ = {isa = PBXBuildFile; fileRef = A9A0FF8E2AE7967D00FF93A0 /* AlamofireAdapter.swift */; };
		A9A0FF932AE798C500FF93A0 /* URLProtocolStub.swift in Sources */ = {isa = PBXBuildFile; fileRef = A9A0FF922AE798C500FF93A0 /* URLProtocolStub.swift */; };
		A9B1A1CA2A9CE6D9000CAE69 /* DomainError.swift in Sources */ = {isa = PBXBuildFile; fileRef = A9B1A1C92A9CE6D9000CAE69 /* DomainError.swift */; };
		A9B1A1CC2A9CEA00000CAE69 /* HttpError.swift in Sources */ = {isa = PBXBuildFile; fileRef = A9B1A1CB2A9CEA00000CAE69 /* HttpError.swift */; };
/* End PBXBuildFile section */

/* Begin PBXContainerItemProxy section */
		A902CC212A9BB56E00C3858F /* PBXContainerItemProxy */ = {
			isa = PBXContainerItemProxy;
			containerPortal = A902CBEA2A9BB13700C3858F /* Project object */;
			proxyType = 1;
			remoteGlobalIDString = A902CC152A9BB56D00C3858F;
			remoteInfo = Data;
		};
		A902CC302A9BB5FD00C3858F /* PBXContainerItemProxy */ = {
			isa = PBXContainerItemProxy;
			containerPortal = A902CBEA2A9BB13700C3858F /* Project object */;
			proxyType = 1;
			remoteGlobalIDString = A902CC032A9BB25D00C3858F;
			remoteInfo = Domain;
		};
		A95B2D072AA071B600F9DAFE /* PBXContainerItemProxy */ = {
			isa = PBXContainerItemProxy;
			containerPortal = A902CBEA2A9BB13700C3858F /* Project object */;
			proxyType = 1;
			remoteGlobalIDString = A95B2CFB2AA071B600F9DAFE;
			remoteInfo = Infra;
		};
		A95B2D152AA0781300F9DAFE /* PBXContainerItemProxy */ = {
			isa = PBXContainerItemProxy;
			containerPortal = A902CBEA2A9BB13700C3858F /* Project object */;
			proxyType = 1;
			remoteGlobalIDString = A902CC152A9BB56D00C3858F;
			remoteInfo = Data;
		};
/* End PBXContainerItemProxy section */

/* Begin PBXCopyFilesBuildPhase section */
		A902CC322A9BB5FD00C3858F /* Embed Frameworks */ = {
			isa = PBXCopyFilesBuildPhase;
			buildActionMask = 2147483647;
			dstPath = "";
			dstSubfolderSpec = 10;
			files = (
				A902CC2F2A9BB5FD00C3858F /* Domain.framework in Embed Frameworks */,
			);
			name = "Embed Frameworks";
			runOnlyForDeploymentPostprocessing = 0;
		};
		A95B2D172AA0781300F9DAFE /* Embed Frameworks */ = {
			isa = PBXCopyFilesBuildPhase;
			buildActionMask = 2147483647;
			dstPath = "";
			dstSubfolderSpec = 10;
			files = (
				A95B2D142AA0781300F9DAFE /* Data.framework in Embed Frameworks */,
			);
			name = "Embed Frameworks";
			runOnlyForDeploymentPostprocessing = 0;
		};
/* End PBXCopyFilesBuildPhase section */

/* Begin PBXFileReference section */
		A90000082A9D15AC0071F48C /* Extensions+Helpers.swift */ = {isa = PBXFileReference; lastKnownFileType = sourcecode.swift; path = "Extensions+Helpers.swift"; sourceTree = "<group>"; };
		A902CC042A9BB25D00C3858F /* Domain.framework */ = {isa = PBXFileReference; explicitFileType = wrapper.framework; includeInIndex = 0; path = Domain.framework; sourceTree = BUILT_PRODUCTS_DIR; };
		A902CC072A9BB25D00C3858F /* Domain.docc */ = {isa = PBXFileReference; lastKnownFileType = folder.documentationcatalog; path = Domain.docc; sourceTree = "<group>"; };
		A902CC0D2A9BB32F00C3858F /* AddAccount.swift */ = {isa = PBXFileReference; lastKnownFileType = sourcecode.swift; path = AddAccount.swift; sourceTree = "<group>"; };
		A902CC0F2A9BB50A00C3858F /* AccountModel.swift */ = {isa = PBXFileReference; lastKnownFileType = sourcecode.swift; path = AccountModel.swift; sourceTree = "<group>"; };
		A902CC162A9BB56D00C3858F /* Data.framework */ = {isa = PBXFileReference; explicitFileType = wrapper.framework; includeInIndex = 0; path = Data.framework; sourceTree = BUILT_PRODUCTS_DIR; };
		A902CC192A9BB56D00C3858F /* Data.docc */ = {isa = PBXFileReference; lastKnownFileType = folder.documentationcatalog; path = Data.docc; sourceTree = "<group>"; };
		A902CC1F2A9BB56E00C3858F /* DataTests.xctest */ = {isa = PBXFileReference; explicitFileType = wrapper.cfbundle; includeInIndex = 0; path = DataTests.xctest; sourceTree = BUILT_PRODUCTS_DIR; };
		A902CC242A9BB56E00C3858F /* RemoteAddAccountTests.swift */ = {isa = PBXFileReference; lastKnownFileType = sourcecode.swift; path = RemoteAddAccountTests.swift; sourceTree = "<group>"; };
		A902CC332A9BDBE600C3858F /* Model.swift */ = {isa = PBXFileReference; lastKnownFileType = sourcecode.swift; path = Model.swift; sourceTree = "<group>"; };
		A902CC352A9BDC8100C3858F /* RemoteAddAccount.swift */ = {isa = PBXFileReference; lastKnownFileType = sourcecode.swift; path = RemoteAddAccount.swift; sourceTree = "<group>"; };
		A902CC372A9BDE2D00C3858F /* HttpPostClient.swift */ = {isa = PBXFileReference; lastKnownFileType = sourcecode.swift; path = HttpPostClient.swift; sourceTree = "<group>"; };
		A95B2CEE2AA0680800F9DAFE /* TestExtensions.swift */ = {isa = PBXFileReference; lastKnownFileType = sourcecode.swift; path = TestExtensions.swift; sourceTree = "<group>"; };
		A95B2CF02AA0689300F9DAFE /* TestFactories.swift */ = {isa = PBXFileReference; lastKnownFileType = sourcecode.swift; path = TestFactories.swift; sourceTree = "<group>"; };
		A95B2CF32AA0692300F9DAFE /* HttpClientSpy.swift */ = {isa = PBXFileReference; lastKnownFileType = sourcecode.swift; path = HttpClientSpy.swift; sourceTree = "<group>"; };
		A95B2CF52AA0697300F9DAFE /* AccountModelFactory.swift */ = {isa = PBXFileReference; lastKnownFileType = sourcecode.swift; path = AccountModelFactory.swift; sourceTree = "<group>"; };
		A95B2CFC2AA071B600F9DAFE /* Infra.framework */ = {isa = PBXFileReference; explicitFileType = wrapper.framework; includeInIndex = 0; path = Infra.framework; sourceTree = BUILT_PRODUCTS_DIR; };
		A95B2CFF2AA071B600F9DAFE /* Infra.docc */ = {isa = PBXFileReference; lastKnownFileType = folder.documentationcatalog; path = Infra.docc; sourceTree = "<group>"; };
		A95B2D052AA071B600F9DAFE /* InfraTests.xctest */ = {isa = PBXFileReference; explicitFileType = wrapper.cfbundle; includeInIndex = 0; path = InfraTests.xctest; sourceTree = BUILT_PRODUCTS_DIR; };
		A95B2D0A2AA071B600F9DAFE /* AlamofireAdapterTests.swift */ = {isa = PBXFileReference; lastKnownFileType = sourcecode.swift; path = AlamofireAdapterTests.swift; sourceTree = "<group>"; };
		A9A0FF8E2AE7967D00FF93A0 /* AlamofireAdapter.swift */ = {isa = PBXFileReference; lastKnownFileType = sourcecode.swift; path = AlamofireAdapter.swift; sourceTree = "<group>"; };
		A9A0FF922AE798C500FF93A0 /* URLProtocolStub.swift */ = {isa = PBXFileReference; lastKnownFileType = sourcecode.swift; path = URLProtocolStub.swift; sourceTree = "<group>"; };
		A9B1A1C92A9CE6D9000CAE69 /* DomainError.swift */ = {isa = PBXFileReference; lastKnownFileType = sourcecode.swift; path = DomainError.swift; sourceTree = "<group>"; };
		A9B1A1CB2A9CEA00000CAE69 /* HttpError.swift */ = {isa = PBXFileReference; lastKnownFileType = sourcecode.swift; path = HttpError.swift; sourceTree = "<group>"; };
/* End PBXFileReference section */

/* Begin PBXFrameworksBuildPhase section */
		A902CC012A9BB25D00C3858F /* Frameworks */ = {
			isa = PBXFrameworksBuildPhase;
			buildActionMask = 2147483647;
			files = (
			);
			runOnlyForDeploymentPostprocessing = 0;
		};
		A902CC132A9BB56D00C3858F /* Frameworks */ = {
			isa = PBXFrameworksBuildPhase;
			buildActionMask = 2147483647;
			files = (
				A902CC2E2A9BB5FD00C3858F /* Domain.framework in Frameworks */,
			);
			runOnlyForDeploymentPostprocessing = 0;
		};
		A902CC1C2A9BB56E00C3858F /* Frameworks */ = {
			isa = PBXFrameworksBuildPhase;
			buildActionMask = 2147483647;
			files = (
				A902CC202A9BB56E00C3858F /* Data.framework in Frameworks */,
			);
			runOnlyForDeploymentPostprocessing = 0;
		};
		A95B2CF92AA071B600F9DAFE /* Frameworks */ = {
			isa = PBXFrameworksBuildPhase;
			buildActionMask = 2147483647;
			files = (
				A95B2D132AA0781300F9DAFE /* Data.framework in Frameworks */,
				A95B2D1C2AA07A1B00F9DAFE /* Alamofire in Frameworks */,
			);
			runOnlyForDeploymentPostprocessing = 0;
		};
		A95B2D022AA071B600F9DAFE /* Frameworks */ = {
			isa = PBXFrameworksBuildPhase;
			buildActionMask = 2147483647;
			files = (
				A95B2D062AA071B600F9DAFE /* Infra.framework in Frameworks */,
			);
			runOnlyForDeploymentPostprocessing = 0;
		};
/* End PBXFrameworksBuildPhase section */

/* Begin PBXGroup section */
		A90000072A9D159B0071F48C /* Helpers */ = {
			isa = PBXGroup;
			children = (
				A90000082A9D15AC0071F48C /* Extensions+Helpers.swift */,
			);
			path = Helpers;
			sourceTree = "<group>";
		};
		A902CBE92A9BB13700C3858F = {
			isa = PBXGroup;
			children = (
				A902CC052A9BB25D00C3858F /* Domain */,
				A902CC172A9BB56D00C3858F /* Data */,
				A902CC232A9BB56E00C3858F /* DataTests */,
				A95B2CFD2AA071B600F9DAFE /* Infra */,
				A95B2D092AA071B600F9DAFE /* InfraTests */,
				A902CBF42A9BB13800C3858F /* Products */,
				A902CC2D2A9BB5FD00C3858F /* Frameworks */,
			);
			sourceTree = "<group>";
		};
		A902CBF42A9BB13800C3858F /* Products */ = {
			isa = PBXGroup;
			children = (
				A902CC042A9BB25D00C3858F /* Domain.framework */,
				A902CC162A9BB56D00C3858F /* Data.framework */,
				A902CC1F2A9BB56E00C3858F /* DataTests.xctest */,
				A95B2CFC2AA071B600F9DAFE /* Infra.framework */,
				A95B2D052AA071B600F9DAFE /* InfraTests.xctest */,
			);
			name = Products;
			sourceTree = "<group>";
		};
		A902CC052A9BB25D00C3858F /* Domain */ = {
			isa = PBXGroup;
			children = (
				A902CC072A9BB25D00C3858F /* Domain.docc */,
				A902CC392A9BDE8300C3858F /* UseCases */,
				A902CC3C2A9BDEE700C3858F /* Models */,
				A9B1A1C82A9CE6BF000CAE69 /* Errors */,
			);
			path = Domain;
			sourceTree = "<group>";
		};
		A902CC172A9BB56D00C3858F /* Data */ = {
			isa = PBXGroup;
			children = (
				A902CC192A9BB56D00C3858F /* Data.docc */,
				A90000072A9D159B0071F48C /* Helpers */,
				A902CC3D2A9BDEF600C3858F /* UseCases */,
				A902CC3E2A9BDF0A00C3858F /* Http */,
			);
			path = Data;
			sourceTree = "<group>";
		};
		A902CC232A9BB56E00C3858F /* DataTests */ = {
			isa = PBXGroup;
			children = (
				A95B2CF22AA0690200F9DAFE /* Http */,
				A95B2CED2AA067FA00F9DAFE /* Helpers */,
				A902CC3F2A9BDF1D00C3858F /* UseCases */,
			);
			path = DataTests;
			sourceTree = "<group>";
		};
		A902CC2D2A9BB5FD00C3858F /* Frameworks */ = {
			isa = PBXGroup;
			children = (
			);
			name = Frameworks;
			sourceTree = "<group>";
		};
		A902CC392A9BDE8300C3858F /* UseCases */ = {
			isa = PBXGroup;
			children = (
				A902CC0D2A9BB32F00C3858F /* AddAccount.swift */,
			);
			path = UseCases;
			sourceTree = "<group>";
		};
		A902CC3C2A9BDEE700C3858F /* Models */ = {
			isa = PBXGroup;
			children = (
				A902CC0F2A9BB50A00C3858F /* AccountModel.swift */,
				A902CC332A9BDBE600C3858F /* Model.swift */,
			);
			path = Models;
			sourceTree = "<group>";
		};
		A902CC3D2A9BDEF600C3858F /* UseCases */ = {
			isa = PBXGroup;
			children = (
				A902CC352A9BDC8100C3858F /* RemoteAddAccount.swift */,
			);
			path = UseCases;
			sourceTree = "<group>";
		};
		A902CC3E2A9BDF0A00C3858F /* Http */ = {
			isa = PBXGroup;
			children = (
				A902CC372A9BDE2D00C3858F /* HttpPostClient.swift */,
				A9B1A1CB2A9CEA00000CAE69 /* HttpError.swift */,
			);
			path = Http;
			sourceTree = "<group>";
		};
		A902CC3F2A9BDF1D00C3858F /* UseCases */ = {
			isa = PBXGroup;
			children = (
				A902CC242A9BB56E00C3858F /* RemoteAddAccountTests.swift */,
			);
			path = UseCases;
			sourceTree = "<group>";
		};
		A95B2CED2AA067FA00F9DAFE /* Helpers */ = {
			isa = PBXGroup;
			children = (
				A95B2CEE2AA0680800F9DAFE /* TestExtensions.swift */,
				A95B2CF02AA0689300F9DAFE /* TestFactories.swift */,
				A95B2CF52AA0697300F9DAFE /* AccountModelFactory.swift */,
			);
			path = Helpers;
			sourceTree = "<group>";
		};
		A95B2CF22AA0690200F9DAFE /* Http */ = {
			isa = PBXGroup;
			children = (
				A95B2CF32AA0692300F9DAFE /* HttpClientSpy.swift */,
			);
			path = Http;
			sourceTree = "<group>";
		};
		A95B2CFD2AA071B600F9DAFE /* Infra */ = {
			isa = PBXGroup;
			children = (
				A95B2CFF2AA071B600F9DAFE /* Infra.docc */,
				A9A0FF902AE797B000FF93A0 /* Http */,
			);
			path = Infra;
			sourceTree = "<group>";
		};
		A95B2D092AA071B600F9DAFE /* InfraTests */ = {
			isa = PBXGroup;
			children = (
				A9A0FF912AE7982800FF93A0 /* Http */,
			);
			path = InfraTests;
			sourceTree = "<group>";
		};
		A9A0FF902AE797B000FF93A0 /* Http */ = {
			isa = PBXGroup;
			children = (
				A9A0FF8E2AE7967D00FF93A0 /* AlamofireAdapter.swift */,
			);
			path = Http;
			sourceTree = "<group>";
		};
		A9A0FF912AE7982800FF93A0 /* Http */ = {
			isa = PBXGroup;
			children = (
				A95B2D0A2AA071B600F9DAFE /* AlamofireAdapterTests.swift */,
				A9A0FF922AE798C500FF93A0 /* URLProtocolStub.swift */,
			);
			path = Http;
			sourceTree = "<group>";
		};
		A9B1A1C82A9CE6BF000CAE69 /* Errors */ = {
			isa = PBXGroup;
			children = (
				A9B1A1C92A9CE6D9000CAE69 /* DomainError.swift */,
			);
			path = Errors;
			sourceTree = "<group>";
		};
/* End PBXGroup section */

/* Begin PBXHeadersBuildPhase section */
		A902CBFF2A9BB25D00C3858F /* Headers */ = {
			isa = PBXHeadersBuildPhase;
			buildActionMask = 2147483647;
			files = (
			);
			runOnlyForDeploymentPostprocessing = 0;
		};
		A902CC112A9BB56D00C3858F /* Headers */ = {
			isa = PBXHeadersBuildPhase;
			buildActionMask = 2147483647;
			files = (
			);
			runOnlyForDeploymentPostprocessing = 0;
		};
		A95B2CF72AA071B600F9DAFE /* Headers */ = {
			isa = PBXHeadersBuildPhase;
			buildActionMask = 2147483647;
			files = (
			);
			runOnlyForDeploymentPostprocessing = 0;
		};
/* End PBXHeadersBuildPhase section */

/* Begin PBXNativeTarget section */
		A902CC032A9BB25D00C3858F /* Domain */ = {
			isa = PBXNativeTarget;
			buildConfigurationList = A902CC0A2A9BB25D00C3858F /* Build configuration list for PBXNativeTarget "Domain" */;
			buildPhases = (
				A902CBFF2A9BB25D00C3858F /* Headers */,
				A902CC002A9BB25D00C3858F /* Sources */,
				A902CC012A9BB25D00C3858F /* Frameworks */,
				A902CC022A9BB25D00C3858F /* Resources */,
			);
			buildRules = (
			);
			dependencies = (
			);
			name = Domain;
			productName = Domain;
			productReference = A902CC042A9BB25D00C3858F /* Domain.framework */;
			productType = "com.apple.product-type.framework";
		};
		A902CC152A9BB56D00C3858F /* Data */ = {
			isa = PBXNativeTarget;
			buildConfigurationList = A902CC272A9BB56E00C3858F /* Build configuration list for PBXNativeTarget "Data" */;
			buildPhases = (
				A902CC112A9BB56D00C3858F /* Headers */,
				A902CC122A9BB56D00C3858F /* Sources */,
				A902CC132A9BB56D00C3858F /* Frameworks */,
				A902CC142A9BB56D00C3858F /* Resources */,
				A902CC322A9BB5FD00C3858F /* Embed Frameworks */,
			);
			buildRules = (
			);
			dependencies = (
				A902CC312A9BB5FD00C3858F /* PBXTargetDependency */,
			);
			name = Data;
			productName = Data;
			productReference = A902CC162A9BB56D00C3858F /* Data.framework */;
			productType = "com.apple.product-type.framework";
		};
		A902CC1E2A9BB56E00C3858F /* DataTests */ = {
			isa = PBXNativeTarget;
			buildConfigurationList = A902CC2A2A9BB56E00C3858F /* Build configuration list for PBXNativeTarget "DataTests" */;
			buildPhases = (
				A902CC1B2A9BB56E00C3858F /* Sources */,
				A902CC1C2A9BB56E00C3858F /* Frameworks */,
				A902CC1D2A9BB56E00C3858F /* Resources */,
			);
			buildRules = (
			);
			dependencies = (
				A902CC222A9BB56E00C3858F /* PBXTargetDependency */,
			);
			name = DataTests;
			productName = DataTests;
			productReference = A902CC1F2A9BB56E00C3858F /* DataTests.xctest */;
			productType = "com.apple.product-type.bundle.unit-test";
		};
		A95B2CFB2AA071B600F9DAFE /* Infra */ = {
			isa = PBXNativeTarget;
			buildConfigurationList = A95B2D0D2AA071B600F9DAFE /* Build configuration list for PBXNativeTarget "Infra" */;
			buildPhases = (
				A95B2CF72AA071B600F9DAFE /* Headers */,
				A95B2CF82AA071B600F9DAFE /* Sources */,
				A95B2CF92AA071B600F9DAFE /* Frameworks */,
				A95B2CFA2AA071B600F9DAFE /* Resources */,
				A95B2D172AA0781300F9DAFE /* Embed Frameworks */,
			);
			buildRules = (
			);
			dependencies = (
				A95B2D162AA0781300F9DAFE /* PBXTargetDependency */,
			);
			name = Infra;
			packageProductDependencies = (
				A95B2D1B2AA07A1B00F9DAFE /* Alamofire */,
			);
			productName = Infra;
			productReference = A95B2CFC2AA071B600F9DAFE /* Infra.framework */;
			productType = "com.apple.product-type.framework";
		};
		A95B2D042AA071B600F9DAFE /* InfraTests */ = {
			isa = PBXNativeTarget;
			buildConfigurationList = A95B2D102AA071B600F9DAFE /* Build configuration list for PBXNativeTarget "InfraTests" */;
			buildPhases = (
				A95B2D012AA071B600F9DAFE /* Sources */,
				A95B2D022AA071B600F9DAFE /* Frameworks */,
				A95B2D032AA071B600F9DAFE /* Resources */,
			);
			buildRules = (
			);
			dependencies = (
				A95B2D082AA071B600F9DAFE /* PBXTargetDependency */,
			);
			name = InfraTests;
			productName = InfraTests;
			productReference = A95B2D052AA071B600F9DAFE /* InfraTests.xctest */;
			productType = "com.apple.product-type.bundle.unit-test";
		};
/* End PBXNativeTarget section */

/* Begin PBXProject section */
		A902CBEA2A9BB13700C3858F /* Project object */ = {
			isa = PBXProject;
			attributes = {
				BuildIndependentTargetsInParallel = 1;
				LastSwiftUpdateCheck = 1430;
				LastUpgradeCheck = 1500;
				TargetAttributes = {
					A902CC032A9BB25D00C3858F = {
						CreatedOnToolsVersion = 14.3.1;
					};
					A902CC152A9BB56D00C3858F = {
						CreatedOnToolsVersion = 14.3.1;
					};
					A902CC1E2A9BB56E00C3858F = {
						CreatedOnToolsVersion = 14.3.1;
					};
					A95B2CFB2AA071B600F9DAFE = {
						CreatedOnToolsVersion = 14.3.1;
					};
					A95B2D042AA071B600F9DAFE = {
						CreatedOnToolsVersion = 14.3.1;
					};
				};
			};
			buildConfigurationList = A902CBED2A9BB13700C3858F /* Build configuration list for PBXProject "Clean" */;
			compatibilityVersion = "Xcode 14.0";
			developmentRegion = en;
			hasScannedForEncodings = 0;
			knownRegions = (
				en,
				Base,
			);
			mainGroup = A902CBE92A9BB13700C3858F;
			packageReferences = (
				A95B2D1A2AA07A1A00F9DAFE /* XCRemoteSwiftPackageReference "Alamofire" */,
			);
			productRefGroup = A902CBF42A9BB13800C3858F /* Products */;
			projectDirPath = "";
			projectRoot = "";
			targets = (
				A902CC032A9BB25D00C3858F /* Domain */,
				A902CC152A9BB56D00C3858F /* Data */,
				A902CC1E2A9BB56E00C3858F /* DataTests */,
				A95B2CFB2AA071B600F9DAFE /* Infra */,
				A95B2D042AA071B600F9DAFE /* InfraTests */,
			);
		};
/* End PBXProject section */

/* Begin PBXResourcesBuildPhase section */
		A902CC022A9BB25D00C3858F /* Resources */ = {
			isa = PBXResourcesBuildPhase;
			buildActionMask = 2147483647;
			files = (
			);
			runOnlyForDeploymentPostprocessing = 0;
		};
		A902CC142A9BB56D00C3858F /* Resources */ = {
			isa = PBXResourcesBuildPhase;
			buildActionMask = 2147483647;
			files = (
			);
			runOnlyForDeploymentPostprocessing = 0;
		};
		A902CC1D2A9BB56E00C3858F /* Resources */ = {
			isa = PBXResourcesBuildPhase;
			buildActionMask = 2147483647;
			files = (
			);
			runOnlyForDeploymentPostprocessing = 0;
		};
		A95B2CFA2AA071B600F9DAFE /* Resources */ = {
			isa = PBXResourcesBuildPhase;
			buildActionMask = 2147483647;
			files = (
			);
			runOnlyForDeploymentPostprocessing = 0;
		};
		A95B2D032AA071B600F9DAFE /* Resources */ = {
			isa = PBXResourcesBuildPhase;
			buildActionMask = 2147483647;
			files = (
			);
			runOnlyForDeploymentPostprocessing = 0;
		};
/* End PBXResourcesBuildPhase section */

/* Begin PBXSourcesBuildPhase section */
		A902CC002A9BB25D00C3858F /* Sources */ = {
			isa = PBXSourcesBuildPhase;
			buildActionMask = 2147483647;
			files = (
				A9B1A1CA2A9CE6D9000CAE69 /* DomainError.swift in Sources */,
				A902CC082A9BB25D00C3858F /* Domain.docc in Sources */,
				A902CC102A9BB50A00C3858F /* AccountModel.swift in Sources */,
				A902CC0E2A9BB32F00C3858F /* AddAccount.swift in Sources */,
				A902CC342A9BDBE600C3858F /* Model.swift in Sources */,
			);
			runOnlyForDeploymentPostprocessing = 0;
		};
		A902CC122A9BB56D00C3858F /* Sources */ = {
			isa = PBXSourcesBuildPhase;
			buildActionMask = 2147483647;
			files = (
				A9B1A1CC2A9CEA00000CAE69 /* HttpError.swift in Sources */,
				A902CC1A2A9BB56D00C3858F /* Data.docc in Sources */,
				A902CC382A9BDE2D00C3858F /* HttpPostClient.swift in Sources */,
				A90000092A9D15AC0071F48C /* Extensions+Helpers.swift in Sources */,
				A902CC362A9BDC8100C3858F /* RemoteAddAccount.swift in Sources */,
			);
			runOnlyForDeploymentPostprocessing = 0;
		};
		A902CC1B2A9BB56E00C3858F /* Sources */ = {
			isa = PBXSourcesBuildPhase;
			buildActionMask = 2147483647;
			files = (
				A95B2CF12AA0689300F9DAFE /* TestFactories.swift in Sources */,
				A95B2CF42AA0692300F9DAFE /* HttpClientSpy.swift in Sources */,
				A902CC252A9BB56E00C3858F /* RemoteAddAccountTests.swift in Sources */,
				A95B2CF62AA0697300F9DAFE /* AccountModelFactory.swift in Sources */,
				A95B2CEF2AA0680800F9DAFE /* TestExtensions.swift in Sources */,
			);
			runOnlyForDeploymentPostprocessing = 0;
		};
		A95B2CF82AA071B600F9DAFE /* Sources */ = {
			isa = PBXSourcesBuildPhase;
			buildActionMask = 2147483647;
			files = (
				A9A0FF8F2AE7967D00FF93A0 /* AlamofireAdapter.swift in Sources */,
				A95B2D002AA071B600F9DAFE /* Infra.docc in Sources */,
			);
			runOnlyForDeploymentPostprocessing = 0;
		};
		A95B2D012AA071B600F9DAFE /* Sources */ = {
			isa = PBXSourcesBuildPhase;
			buildActionMask = 2147483647;
			files = (
				A95B2D192AA0785300F9DAFE /* TestFactories.swift in Sources */,
				A95B2D0B2AA071B600F9DAFE /* AlamofireAdapterTests.swift in Sources */,
				A95B2D182AA0784700F9DAFE /* TestExtensions.swift in Sources */,
				A9A0FF932AE798C500FF93A0 /* URLProtocolStub.swift in Sources */,
			);
			runOnlyForDeploymentPostprocessing = 0;
		};
/* End PBXSourcesBuildPhase section */

/* Begin PBXTargetDependency section */
		A902CC222A9BB56E00C3858F /* PBXTargetDependency */ = {
			isa = PBXTargetDependency;
			target = A902CC152A9BB56D00C3858F /* Data */;
			targetProxy = A902CC212A9BB56E00C3858F /* PBXContainerItemProxy */;
		};
		A902CC312A9BB5FD00C3858F /* PBXTargetDependency */ = {
			isa = PBXTargetDependency;
			target = A902CC032A9BB25D00C3858F /* Domain */;
			targetProxy = A902CC302A9BB5FD00C3858F /* PBXContainerItemProxy */;
		};
		A95B2D082AA071B600F9DAFE /* PBXTargetDependency */ = {
			isa = PBXTargetDependency;
			target = A95B2CFB2AA071B600F9DAFE /* Infra */;
			targetProxy = A95B2D072AA071B600F9DAFE /* PBXContainerItemProxy */;
		};
		A95B2D162AA0781300F9DAFE /* PBXTargetDependency */ = {
			isa = PBXTargetDependency;
			target = A902CC152A9BB56D00C3858F /* Data */;
			targetProxy = A95B2D152AA0781300F9DAFE /* PBXContainerItemProxy */;
		};
/* End PBXTargetDependency section */

/* Begin XCBuildConfiguration section */
		A902CBFA2A9BB13800C3858F /* Debug */ = {
			isa = XCBuildConfiguration;
			buildSettings = {
				ALWAYS_SEARCH_USER_PATHS = NO;
				CLANG_ANALYZER_NONNULL = YES;
				CLANG_ANALYZER_NUMBER_OBJECT_CONVERSION = YES_AGGRESSIVE;
				CLANG_CXX_LANGUAGE_STANDARD = "gnu++20";
				CLANG_ENABLE_MODULES = YES;
				CLANG_ENABLE_OBJC_ARC = YES;
				CLANG_ENABLE_OBJC_WEAK = YES;
				CLANG_WARN_BLOCK_CAPTURE_AUTORELEASING = YES;
				CLANG_WARN_BOOL_CONVERSION = YES;
				CLANG_WARN_COMMA = YES;
				CLANG_WARN_CONSTANT_CONVERSION = YES;
				CLANG_WARN_DEPRECATED_OBJC_IMPLEMENTATIONS = YES;
				CLANG_WARN_DIRECT_OBJC_ISA_USAGE = YES_ERROR;
				CLANG_WARN_DOCUMENTATION_COMMENTS = YES;
				CLANG_WARN_EMPTY_BODY = YES;
				CLANG_WARN_ENUM_CONVERSION = YES;
				CLANG_WARN_INFINITE_RECURSION = YES;
				CLANG_WARN_INT_CONVERSION = YES;
				CLANG_WARN_NON_LITERAL_NULL_CONVERSION = YES;
				CLANG_WARN_OBJC_IMPLICIT_RETAIN_SELF = YES;
				CLANG_WARN_OBJC_LITERAL_CONVERSION = YES;
				CLANG_WARN_OBJC_ROOT_CLASS = YES_ERROR;
				CLANG_WARN_QUOTED_INCLUDE_IN_FRAMEWORK_HEADER = YES;
				CLANG_WARN_RANGE_LOOP_ANALYSIS = YES;
				CLANG_WARN_STRICT_PROTOTYPES = YES;
				CLANG_WARN_SUSPICIOUS_MOVE = YES;
				CLANG_WARN_UNGUARDED_AVAILABILITY = YES_AGGRESSIVE;
				CLANG_WARN_UNREACHABLE_CODE = YES;
				CLANG_WARN__DUPLICATE_METHOD_MATCH = YES;
				COPY_PHASE_STRIP = NO;
				CURRENT_PROJECT_VERSION = 1;
				DEBUG_INFORMATION_FORMAT = dwarf;
				ENABLE_STRICT_OBJC_MSGSEND = YES;
				ENABLE_TESTABILITY = YES;
				ENABLE_USER_SCRIPT_SANDBOXING = YES;
				GCC_C_LANGUAGE_STANDARD = gnu11;
				GCC_DYNAMIC_NO_PIC = NO;
				GCC_NO_COMMON_BLOCKS = YES;
				GCC_OPTIMIZATION_LEVEL = 0;
				GCC_PREPROCESSOR_DEFINITIONS = (
					"DEBUG=1",
					"$(inherited)",
				);
				GCC_WARN_64_TO_32_BIT_CONVERSION = YES;
				GCC_WARN_ABOUT_RETURN_TYPE = YES_ERROR;
				GCC_WARN_UNDECLARED_SELECTOR = YES;
				GCC_WARN_UNINITIALIZED_AUTOS = YES_AGGRESSIVE;
				GCC_WARN_UNUSED_FUNCTION = YES;
				GCC_WARN_UNUSED_VARIABLE = YES;
				IPHONEOS_DEPLOYMENT_TARGET = 16.4;
				MTL_ENABLE_DEBUG_INFO = INCLUDE_SOURCE;
				MTL_FAST_MATH = YES;
				ONLY_ACTIVE_ARCH = YES;
				SDKROOT = iphoneos;
				SWIFT_ACTIVE_COMPILATION_CONDITIONS = DEBUG;
				SWIFT_OPTIMIZATION_LEVEL = "-Onone";
				VERSIONING_SYSTEM = "apple-generic";
				VERSION_INFO_PREFIX = "";
			};
			name = Debug;
		};
		A902CBFB2A9BB13800C3858F /* Release */ = {
			isa = XCBuildConfiguration;
			buildSettings = {
				ALWAYS_SEARCH_USER_PATHS = NO;
				CLANG_ANALYZER_NONNULL = YES;
				CLANG_ANALYZER_NUMBER_OBJECT_CONVERSION = YES_AGGRESSIVE;
				CLANG_CXX_LANGUAGE_STANDARD = "gnu++20";
				CLANG_ENABLE_MODULES = YES;
				CLANG_ENABLE_OBJC_ARC = YES;
				CLANG_ENABLE_OBJC_WEAK = YES;
				CLANG_WARN_BLOCK_CAPTURE_AUTORELEASING = YES;
				CLANG_WARN_BOOL_CONVERSION = YES;
				CLANG_WARN_COMMA = YES;
				CLANG_WARN_CONSTANT_CONVERSION = YES;
				CLANG_WARN_DEPRECATED_OBJC_IMPLEMENTATIONS = YES;
				CLANG_WARN_DIRECT_OBJC_ISA_USAGE = YES_ERROR;
				CLANG_WARN_DOCUMENTATION_COMMENTS = YES;
				CLANG_WARN_EMPTY_BODY = YES;
				CLANG_WARN_ENUM_CONVERSION = YES;
				CLANG_WARN_INFINITE_RECURSION = YES;
				CLANG_WARN_INT_CONVERSION = YES;
				CLANG_WARN_NON_LITERAL_NULL_CONVERSION = YES;
				CLANG_WARN_OBJC_IMPLICIT_RETAIN_SELF = YES;
				CLANG_WARN_OBJC_LITERAL_CONVERSION = YES;
				CLANG_WARN_OBJC_ROOT_CLASS = YES_ERROR;
				CLANG_WARN_QUOTED_INCLUDE_IN_FRAMEWORK_HEADER = YES;
				CLANG_WARN_RANGE_LOOP_ANALYSIS = YES;
				CLANG_WARN_STRICT_PROTOTYPES = YES;
				CLANG_WARN_SUSPICIOUS_MOVE = YES;
				CLANG_WARN_UNGUARDED_AVAILABILITY = YES_AGGRESSIVE;
				CLANG_WARN_UNREACHABLE_CODE = YES;
				CLANG_WARN__DUPLICATE_METHOD_MATCH = YES;
				COPY_PHASE_STRIP = NO;
				CURRENT_PROJECT_VERSION = 1;
				DEBUG_INFORMATION_FORMAT = "dwarf-with-dsym";
				ENABLE_NS_ASSERTIONS = NO;
				ENABLE_STRICT_OBJC_MSGSEND = YES;
				ENABLE_USER_SCRIPT_SANDBOXING = YES;
				GCC_C_LANGUAGE_STANDARD = gnu11;
				GCC_NO_COMMON_BLOCKS = YES;
				GCC_WARN_64_TO_32_BIT_CONVERSION = YES;
				GCC_WARN_ABOUT_RETURN_TYPE = YES_ERROR;
				GCC_WARN_UNDECLARED_SELECTOR = YES;
				GCC_WARN_UNINITIALIZED_AUTOS = YES_AGGRESSIVE;
				GCC_WARN_UNUSED_FUNCTION = YES;
				GCC_WARN_UNUSED_VARIABLE = YES;
				IPHONEOS_DEPLOYMENT_TARGET = 16.4;
				MTL_ENABLE_DEBUG_INFO = NO;
				MTL_FAST_MATH = YES;
				SDKROOT = iphoneos;
				SWIFT_COMPILATION_MODE = wholemodule;
				SWIFT_OPTIMIZATION_LEVEL = "-O";
				VALIDATE_PRODUCT = YES;
				VERSIONING_SYSTEM = "apple-generic";
				VERSION_INFO_PREFIX = "";
			};
			name = Release;
		};
		A902CC0B2A9BB25D00C3858F /* Debug */ = {
			isa = XCBuildConfiguration;
			buildSettings = {
				CODE_SIGN_IDENTITY = "";
				CODE_SIGN_STYLE = Automatic;
				COMBINE_HIDPI_IMAGES = YES;
				CURRENT_PROJECT_VERSION = 1;
				DEAD_CODE_STRIPPING = YES;
				DEFINES_MODULE = YES;
				DEVELOPMENT_TEAM = PYY242G566;
				DYLIB_COMPATIBILITY_VERSION = 1;
				DYLIB_CURRENT_VERSION = 1;
				DYLIB_INSTALL_NAME_BASE = "@rpath";
				ENABLE_MODULE_VERIFIER = YES;
				GENERATE_INFOPLIST_FILE = YES;
				INFOPLIST_KEY_NSHumanReadableCopyright = "";
				INSTALL_PATH = "$(LOCAL_LIBRARY_DIR)/Frameworks";
				LD_RUNPATH_SEARCH_PATHS = (
					"$(inherited)",
					"@executable_path/../Frameworks",
					"@loader_path/Frameworks",
				);
				MACOSX_DEPLOYMENT_TARGET = 13.3;
				MARKETING_VERSION = 1.0;
				MODULE_VERIFIER_SUPPORTED_LANGUAGES = "objective-c objective-c++";
				MODULE_VERIFIER_SUPPORTED_LANGUAGE_STANDARDS = "gnu11 gnu++20";
				PRODUCT_BUNDLE_IDENTIFIER = com.marcasteroid.Domain;
				PRODUCT_NAME = "$(TARGET_NAME:c99extidentifier)";
				SDKROOT = macosx;
				SKIP_INSTALL = YES;
				SWIFT_EMIT_LOC_STRINGS = YES;
				SWIFT_VERSION = 5.0;
			};
			name = Debug;
		};
		A902CC0C2A9BB25D00C3858F /* Release */ = {
			isa = XCBuildConfiguration;
			buildSettings = {
				CODE_SIGN_IDENTITY = "";
				CODE_SIGN_STYLE = Automatic;
				COMBINE_HIDPI_IMAGES = YES;
				CURRENT_PROJECT_VERSION = 1;
				DEAD_CODE_STRIPPING = YES;
				DEFINES_MODULE = YES;
				DEVELOPMENT_TEAM = PYY242G566;
				DYLIB_COMPATIBILITY_VERSION = 1;
				DYLIB_CURRENT_VERSION = 1;
				DYLIB_INSTALL_NAME_BASE = "@rpath";
				ENABLE_MODULE_VERIFIER = YES;
				GENERATE_INFOPLIST_FILE = YES;
				INFOPLIST_KEY_NSHumanReadableCopyright = "";
				INSTALL_PATH = "$(LOCAL_LIBRARY_DIR)/Frameworks";
				LD_RUNPATH_SEARCH_PATHS = (
					"$(inherited)",
					"@executable_path/../Frameworks",
					"@loader_path/Frameworks",
				);
				MACOSX_DEPLOYMENT_TARGET = 13.3;
				MARKETING_VERSION = 1.0;
				MODULE_VERIFIER_SUPPORTED_LANGUAGES = "objective-c objective-c++";
				MODULE_VERIFIER_SUPPORTED_LANGUAGE_STANDARDS = "gnu11 gnu++20";
				PRODUCT_BUNDLE_IDENTIFIER = com.marcasteroid.Domain;
				PRODUCT_NAME = "$(TARGET_NAME:c99extidentifier)";
				SDKROOT = macosx;
				SKIP_INSTALL = YES;
				SWIFT_EMIT_LOC_STRINGS = YES;
				SWIFT_VERSION = 5.0;
			};
			name = Release;
		};
		A902CC282A9BB56E00C3858F /* Debug */ = {
			isa = XCBuildConfiguration;
			buildSettings = {
				CODE_SIGN_IDENTITY = "";
				CODE_SIGN_STYLE = Automatic;
				COMBINE_HIDPI_IMAGES = YES;
				CURRENT_PROJECT_VERSION = 1;
				DEAD_CODE_STRIPPING = YES;
				DEFINES_MODULE = YES;
				DEVELOPMENT_TEAM = PYY242G566;
				DYLIB_COMPATIBILITY_VERSION = 1;
				DYLIB_CURRENT_VERSION = 1;
				DYLIB_INSTALL_NAME_BASE = "@rpath";
				ENABLE_MODULE_VERIFIER = YES;
				GENERATE_INFOPLIST_FILE = YES;
				INFOPLIST_KEY_NSHumanReadableCopyright = "";
				INSTALL_PATH = "$(LOCAL_LIBRARY_DIR)/Frameworks";
				LD_RUNPATH_SEARCH_PATHS = (
					"$(inherited)",
					"@executable_path/../Frameworks",
					"@loader_path/Frameworks",
				);
				MACOSX_DEPLOYMENT_TARGET = 13.3;
				MARKETING_VERSION = 1.0;
				MODULE_VERIFIER_SUPPORTED_LANGUAGES = "objective-c objective-c++";
				MODULE_VERIFIER_SUPPORTED_LANGUAGE_STANDARDS = "gnu11 gnu++20";
				PRODUCT_BUNDLE_IDENTIFIER = com.marcasteroid.Data;
				PRODUCT_NAME = "$(TARGET_NAME:c99extidentifier)";
				SDKROOT = macosx;
				SKIP_INSTALL = YES;
				SWIFT_EMIT_LOC_STRINGS = YES;
				SWIFT_VERSION = 5.0;
			};
			name = Debug;
		};
		A902CC292A9BB56E00C3858F /* Release */ = {
			isa = XCBuildConfiguration;
			buildSettings = {
				CODE_SIGN_IDENTITY = "";
				CODE_SIGN_STYLE = Automatic;
				COMBINE_HIDPI_IMAGES = YES;
				CURRENT_PROJECT_VERSION = 1;
				DEAD_CODE_STRIPPING = YES;
				DEFINES_MODULE = YES;
				DEVELOPMENT_TEAM = PYY242G566;
				DYLIB_COMPATIBILITY_VERSION = 1;
				DYLIB_CURRENT_VERSION = 1;
				DYLIB_INSTALL_NAME_BASE = "@rpath";
				ENABLE_MODULE_VERIFIER = YES;
				GENERATE_INFOPLIST_FILE = YES;
				INFOPLIST_KEY_NSHumanReadableCopyright = "";
				INSTALL_PATH = "$(LOCAL_LIBRARY_DIR)/Frameworks";
				LD_RUNPATH_SEARCH_PATHS = (
					"$(inherited)",
					"@executable_path/../Frameworks",
					"@loader_path/Frameworks",
				);
				MACOSX_DEPLOYMENT_TARGET = 13.3;
				MARKETING_VERSION = 1.0;
				MODULE_VERIFIER_SUPPORTED_LANGUAGES = "objective-c objective-c++";
				MODULE_VERIFIER_SUPPORTED_LANGUAGE_STANDARDS = "gnu11 gnu++20";
				PRODUCT_BUNDLE_IDENTIFIER = com.marcasteroid.Data;
				PRODUCT_NAME = "$(TARGET_NAME:c99extidentifier)";
				SDKROOT = macosx;
				SKIP_INSTALL = YES;
				SWIFT_EMIT_LOC_STRINGS = YES;
				SWIFT_VERSION = 5.0;
			};
			name = Release;
		};
		A902CC2B2A9BB56E00C3858F /* Debug */ = {
			isa = XCBuildConfiguration;
			buildSettings = {
				ALWAYS_EMBED_SWIFT_STANDARD_LIBRARIES = YES;
				CODE_SIGN_STYLE = Automatic;
				CURRENT_PROJECT_VERSION = 1;
				DEAD_CODE_STRIPPING = YES;
				DEVELOPMENT_TEAM = PYY242G566;
				GENERATE_INFOPLIST_FILE = YES;
				MACOSX_DEPLOYMENT_TARGET = 13.3;
				MARKETING_VERSION = 1.0;
				PRODUCT_BUNDLE_IDENTIFIER = com.marcasteroid.DataTests;
				PRODUCT_NAME = "$(TARGET_NAME)";
				SDKROOT = macosx;
				SWIFT_EMIT_LOC_STRINGS = NO;
				SWIFT_VERSION = 5.0;
			};
			name = Debug;
		};
		A902CC2C2A9BB56E00C3858F /* Release */ = {
			isa = XCBuildConfiguration;
			buildSettings = {
				ALWAYS_EMBED_SWIFT_STANDARD_LIBRARIES = YES;
				CODE_SIGN_STYLE = Automatic;
				CURRENT_PROJECT_VERSION = 1;
				DEAD_CODE_STRIPPING = YES;
				DEVELOPMENT_TEAM = PYY242G566;
				GENERATE_INFOPLIST_FILE = YES;
				MACOSX_DEPLOYMENT_TARGET = 13.3;
				MARKETING_VERSION = 1.0;
				PRODUCT_BUNDLE_IDENTIFIER = com.marcasteroid.DataTests;
				PRODUCT_NAME = "$(TARGET_NAME)";
				SDKROOT = macosx;
				SWIFT_EMIT_LOC_STRINGS = NO;
				SWIFT_VERSION = 5.0;
			};
			name = Release;
		};
		A95B2D0E2AA071B600F9DAFE /* Debug */ = {
			isa = XCBuildConfiguration;
			buildSettings = {
				CODE_SIGN_IDENTITY = "";
				CODE_SIGN_STYLE = Automatic;
				COMBINE_HIDPI_IMAGES = YES;
				CURRENT_PROJECT_VERSION = 1;
				DEAD_CODE_STRIPPING = YES;
				DEFINES_MODULE = YES;
				DEVELOPMENT_TEAM = PYY242G566;
				DYLIB_COMPATIBILITY_VERSION = 1;
				DYLIB_CURRENT_VERSION = 1;
				DYLIB_INSTALL_NAME_BASE = "@rpath";
				ENABLE_MODULE_VERIFIER = YES;
				GENERATE_INFOPLIST_FILE = YES;
				INFOPLIST_KEY_NSHumanReadableCopyright = "";
				INSTALL_PATH = "$(LOCAL_LIBRARY_DIR)/Frameworks";
				LD_RUNPATH_SEARCH_PATHS = (
					"$(inherited)",
					"@executable_path/../Frameworks",
					"@loader_path/Frameworks",
				);
				MACOSX_DEPLOYMENT_TARGET = 13.3;
				MARKETING_VERSION = 1.0;
				MODULE_VERIFIER_SUPPORTED_LANGUAGES = "objective-c objective-c++";
				MODULE_VERIFIER_SUPPORTED_LANGUAGE_STANDARDS = "gnu11 gnu++20";
				PRODUCT_BUNDLE_IDENTIFIER = com.marcasteroid.Infra;
				PRODUCT_NAME = "$(TARGET_NAME:c99extidentifier)";
				SDKROOT = macosx;
				SKIP_INSTALL = YES;
				SWIFT_EMIT_LOC_STRINGS = YES;
				SWIFT_VERSION = 5.0;
			};
			name = Debug;
		};
		A95B2D0F2AA071B600F9DAFE /* Release */ = {
			isa = XCBuildConfiguration;
			buildSettings = {
				CODE_SIGN_IDENTITY = "";
				CODE_SIGN_STYLE = Automatic;
				COMBINE_HIDPI_IMAGES = YES;
				CURRENT_PROJECT_VERSION = 1;
				DEAD_CODE_STRIPPING = YES;
				DEFINES_MODULE = YES;
				DEVELOPMENT_TEAM = PYY242G566;
				DYLIB_COMPATIBILITY_VERSION = 1;
				DYLIB_CURRENT_VERSION = 1;
				DYLIB_INSTALL_NAME_BASE = "@rpath";
				ENABLE_MODULE_VERIFIER = YES;
				GENERATE_INFOPLIST_FILE = YES;
				INFOPLIST_KEY_NSHumanReadableCopyright = "";
				INSTALL_PATH = "$(LOCAL_LIBRARY_DIR)/Frameworks";
				LD_RUNPATH_SEARCH_PATHS = (
					"$(inherited)",
					"@executable_path/../Frameworks",
					"@loader_path/Frameworks",
				);
				MACOSX_DEPLOYMENT_TARGET = 13.3;
				MARKETING_VERSION = 1.0;
				MODULE_VERIFIER_SUPPORTED_LANGUAGES = "objective-c objective-c++";
				MODULE_VERIFIER_SUPPORTED_LANGUAGE_STANDARDS = "gnu11 gnu++20";
				PRODUCT_BUNDLE_IDENTIFIER = com.marcasteroid.Infra;
				PRODUCT_NAME = "$(TARGET_NAME:c99extidentifier)";
				SDKROOT = macosx;
				SKIP_INSTALL = YES;
				SWIFT_EMIT_LOC_STRINGS = YES;
				SWIFT_VERSION = 5.0;
			};
			name = Release;
		};
		A95B2D112AA071B600F9DAFE /* Debug */ = {
			isa = XCBuildConfiguration;
			buildSettings = {
				ALWAYS_EMBED_SWIFT_STANDARD_LIBRARIES = YES;
				CODE_SIGN_STYLE = Automatic;
				CURRENT_PROJECT_VERSION = 1;
				DEAD_CODE_STRIPPING = YES;
				DEVELOPMENT_TEAM = PYY242G566;
				GENERATE_INFOPLIST_FILE = YES;
				MACOSX_DEPLOYMENT_TARGET = 13.3;
				MARKETING_VERSION = 1.0;
				PRODUCT_BUNDLE_IDENTIFIER = com.marcasteroid.InfraTests;
				PRODUCT_NAME = "$(TARGET_NAME)";
				SDKROOT = macosx;
				SWIFT_EMIT_LOC_STRINGS = NO;
				SWIFT_VERSION = 5.0;
			};
			name = Debug;
		};
		A95B2D122AA071B600F9DAFE /* Release */ = {
			isa = XCBuildConfiguration;
			buildSettings = {
				ALWAYS_EMBED_SWIFT_STANDARD_LIBRARIES = YES;
				CODE_SIGN_STYLE = Automatic;
				CURRENT_PROJECT_VERSION = 1;
				DEAD_CODE_STRIPPING = YES;
				DEVELOPMENT_TEAM = PYY242G566;
				GENERATE_INFOPLIST_FILE = YES;
				MACOSX_DEPLOYMENT_TARGET = 13.3;
				MARKETING_VERSION = 1.0;
				PRODUCT_BUNDLE_IDENTIFIER = com.marcasteroid.InfraTests;
				PRODUCT_NAME = "$(TARGET_NAME)";
				SDKROOT = macosx;
				SWIFT_EMIT_LOC_STRINGS = NO;
				SWIFT_VERSION = 5.0;
			};
			name = Release;
		};
/* End XCBuildConfiguration section */

/* Begin XCConfigurationList section */
		A902CBED2A9BB13700C3858F /* Build configuration list for PBXProject "Clean" */ = {
			isa = XCConfigurationList;
			buildConfigurations = (
				A902CBFA2A9BB13800C3858F /* Debug */,
				A902CBFB2A9BB13800C3858F /* Release */,
			);
			defaultConfigurationIsVisible = 0;
			defaultConfigurationName = Release;
		};
		A902CC0A2A9BB25D00C3858F /* Build configuration list for PBXNativeTarget "Domain" */ = {
			isa = XCConfigurationList;
			buildConfigurations = (
				A902CC0B2A9BB25D00C3858F /* Debug */,
				A902CC0C2A9BB25D00C3858F /* Release */,
			);
			defaultConfigurationIsVisible = 0;
			defaultConfigurationName = Release;
		};
		A902CC272A9BB56E00C3858F /* Build configuration list for PBXNativeTarget "Data" */ = {
			isa = XCConfigurationList;
			buildConfigurations = (
				A902CC282A9BB56E00C3858F /* Debug */,
				A902CC292A9BB56E00C3858F /* Release */,
			);
			defaultConfigurationIsVisible = 0;
			defaultConfigurationName = Release;
		};
		A902CC2A2A9BB56E00C3858F /* Build configuration list for PBXNativeTarget "DataTests" */ = {
			isa = XCConfigurationList;
			buildConfigurations = (
				A902CC2B2A9BB56E00C3858F /* Debug */,
				A902CC2C2A9BB56E00C3858F /* Release */,
			);
			defaultConfigurationIsVisible = 0;
			defaultConfigurationName = Release;
		};
		A95B2D0D2AA071B600F9DAFE /* Build configuration list for PBXNativeTarget "Infra" */ = {
			isa = XCConfigurationList;
			buildConfigurations = (
				A95B2D0E2AA071B600F9DAFE /* Debug */,
				A95B2D0F2AA071B600F9DAFE /* Release */,
			);
			defaultConfigurationIsVisible = 0;
			defaultConfigurationName = Release;
		};
		A95B2D102AA071B600F9DAFE /* Build configuration list for PBXNativeTarget "InfraTests" */ = {
			isa = XCConfigurationList;
			buildConfigurations = (
				A95B2D112AA071B600F9DAFE /* Debug */,
				A95B2D122AA071B600F9DAFE /* Release */,
			);
			defaultConfigurationIsVisible = 0;
			defaultConfigurationName = Release;
		};
/* End XCConfigurationList section */

/* Begin XCRemoteSwiftPackageReference section */
		A95B2D1A2AA07A1A00F9DAFE /* XCRemoteSwiftPackageReference "Alamofire" */ = {
			isa = XCRemoteSwiftPackageReference;
			repositoryURL = "https://github.com/Alamofire/Alamofire.git";
			requirement = {
				kind = upToNextMajorVersion;
				minimumVersion = 5.0.0;
			};
		};
/* End XCRemoteSwiftPackageReference section */

/* Begin XCSwiftPackageProductDependency section */
		A95B2D1B2AA07A1B00F9DAFE /* Alamofire */ = {
			isa = XCSwiftPackageProductDependency;
			package = A95B2D1A2AA07A1A00F9DAFE /* XCRemoteSwiftPackageReference "Alamofire" */;
			productName = Alamofire;
		};
/* End XCSwiftPackageProductDependency section */
	};
	rootObject = A902CBEA2A9BB13700C3858F /* Project object */;
}
